<?xml version="1.0" encoding="utf-8"?>
<Project ToolsVersion="4.0" xmlns="http://schemas.microsoft.com/developer/msbuild/2003">
  <ItemGroup>
    <Filter Include="Fichiers sources">
      <UniqueIdentifier>{4FC737F1-C7A5-4376-A066-2A32D752A2FF}</UniqueIdentifier>
      <Extensions>cpp;c;cc;cxx;def;odl;idl;hpj;bat;asm;asmx</Extensions>
    </Filter>
    <Filter Include="Fichiers d%27en-tête">
      <UniqueIdentifier>{93995380-89BD-4b04-88EB-625FBE52EBFB}</UniqueIdentifier>
      <Extensions>h;hpp;hxx;hm;inl;inc;xsd</Extensions>
    </Filter>
    <Filter Include="Fichiers de ressources">
      <UniqueIdentifier>{67DA6AB6-F800-4c08-8B7A-83BB121AAD01}</UniqueIdentifier>
      <Extensions>rc;ico;cur;bmp;dlg;rc2;rct;bin;rgs;gif;jpg;jpeg;jpe;resx;tiff;tif;png;wav;mfcribbon-ms</Extensions>
    </Filter>
    <Filter Include="Agents : sources">
      <UniqueIdentifier>{7d54158e-ecd3-4552-89ba-2230c7c30f03}</UniqueIdentifier>
    </Filter>
    <Filter Include="Produits financiers : en-tête">
      <UniqueIdentifier>{41bae05b-166b-4ea1-928b-ca95c99dcb03}</UniqueIdentifier>
    </Filter>
    <Filter Include="Produits financiers : sources">
      <UniqueIdentifier>{424ae33d-a363-4bb2-8d42-23978cdfd2b0}</UniqueIdentifier>
    </Filter>
    <Filter Include="Agents : en-tête">
      <UniqueIdentifier>{94f96fb6-a11d-405c-a92b-e4b16e318d4e}</UniqueIdentifier>
    </Filter>
    <Filter Include="Institutions : en-tête">
      <UniqueIdentifier>{93678a73-b1ae-4fb1-8755-43445c21c570}</UniqueIdentifier>
    </Filter>
    <Filter Include="Institutions : sources">
      <UniqueIdentifier>{cd7f6475-3793-4afb-a9ff-321759fcafcc}</UniqueIdentifier>
    </Filter>
  </ItemGroup>
  <ItemGroup>
    <ClCompile Include="main.cpp">
      <Filter>Fichiers sources</Filter>
    </ClCompile>
    <ClCompile Include="Database.cpp">
      <Filter>Fichiers sources</Filter>
    </ClCompile>
    <ClCompile Include="General.cpp">
      <Filter>Fichiers sources</Filter>
    </ClCompile>
    <ClCompile Include="Order.cpp">
      <Filter>Fichiers sources</Filter>
    </ClCompile>
    <ClCompile Include="Portfolio.cpp">
      <Filter>Fichiers sources</Filter>
    </ClCompile>
    <ClCompile Include="Agent.cpp">
      <Filter>Agents : sources</Filter>
    </ClCompile>
    <ClCompile Include="RandomAgent.cpp">
      <Filter>Agents : sources</Filter>
    </ClCompile>
    <ClCompile Include="Stock.cpp">
      <Filter>Produits financiers : sources</Filter>
    </ClCompile>
    <ClCompile Include="Option.cpp">
      <Filter>Produits financiers : sources</Filter>
    </ClCompile>
    <ClCompile Include="Bond.cpp">
      <Filter>Produits financiers : sources</Filter>
    </ClCompile>
    <ClCompile Include="Bank.cpp">
      <Filter>Institutions : sources</Filter>
    </ClCompile>
    <ClCompile Include="Company.cpp">
      <Filter>Institutions : sources</Filter>
    </ClCompile>
    <ClCompile Include="Dept_Treasury.cpp">
      <Filter>Institutions : sources</Filter>
    </ClCompile>
    <ClCompile Include="StockExchange.cpp">
      <Filter>Institutions : sources</Filter>
    </ClCompile>
    <ClCompile Include="StockExchangeFunctions.cpp">
      <Filter>Institutions : sources</Filter>
    </ClCompile>
    <ClCompile Include="test.cpp">
      <Filter>Fichiers sources</Filter>
    </ClCompile>
  </ItemGroup>
  <ItemGroup>
    <ClInclude Include="Database.h">
      <Filter>Fichiers d%27en-tête</Filter>
    </ClInclude>
    <ClInclude Include="General.h">
      <Filter>Fichiers d%27en-tête</Filter>
    </ClInclude>
    <ClInclude Include="Order.h">
      <Filter>Fichiers d%27en-tête</Filter>
    </ClInclude>
    <ClInclude Include="Portfolio.h">
      <Filter>Fichiers d%27en-tête</Filter>
    </ClInclude>
    <ClInclude Include="Agent.h">
      <Filter>Agents : en-tête</Filter>
    </ClInclude>
    <ClInclude Include="RandomAgent.h">
      <Filter>Agents : en-tête</Filter>
    </ClInclude>
    <ClInclude Include="Stock.h">
      <Filter>Produits financiers : en-tête</Filter>
    </ClInclude>
    <ClInclude Include="Option.h">
      <Filter>Produits financiers : en-tête</Filter>
    </ClInclude>
    <ClInclude Include="Bond.h">
      <Filter>Produits financiers : en-tête</Filter>
    </ClInclude>
    <ClInclude Include="Bank.h">
      <Filter>Institutions : en-tête</Filter>
    </ClInclude>
    <ClInclude Include="Company.h">
      <Filter>Institutions : en-tête</Filter>
    </ClInclude>
    <ClInclude Include="Dept_Treasury.h">
      <Filter>Institutions : en-tête</Filter>
    </ClInclude>
    <ClInclude Include="StockExchange.h">
      <Filter>Institutions : en-tête</Filter>
    </ClInclude>
    <ClInclude Include="StockExchangeFunctions.h">
      <Filter>Institutions : en-tête</Filter>
    </ClInclude>
    <ClInclude Include="test.h">
      <Filter>Fichiers d%27en-tête</Filter>
    </ClInclude>
  </ItemGroup>
</Project>